
Microsoft Visual Studio Solution File, Format Version 12.00
# Visual Studio Version 16
VisualStudioVersion = 16.0.31205.134
MinimumVisualStudioVersion = 10.0.40219.1
Project("{9A19103F-16F7-4668-BE54-9A1E7A4F7556}") = "Chess", "Chess\Chess.csproj", "{F2B1A0CB-DDD1-4F25-B05A-844D91931CE9}"
EndProject
Project("{FAE04EC0-301F-11D3-BF4B-00C04F79EFBC}") = "ChessCore", "ChessCore\ChessCore.csproj", "{7A74896D-944D-43E0-AF4D-0636B3D5163B}"
EndProject
Global
	GlobalSection(SolutionConfigurationPlatforms) = preSolution
		Debug|Any CPU = Debug|Any CPU
		Release|Any CPU = Release|Any CPU
	EndGlobalSection
	GlobalSection(ProjectConfigurationPlatforms) = postSolution
		{F2B1A0CB-DDD1-4F25-B05A-844D91931CE9}.Debug|Any CPU.ActiveCfg = Debug|Any CPU
		{F2B1A0CB-DDD1-4F25-B05A-844D91931CE9}.Debug|Any CPU.Build.0 = Debug|Any CPU
		{F2B1A0CB-DDD1-4F25-B05A-844D91931CE9}.Release|Any CPU.ActiveCfg = Release|Any CPU
		{F2B1A0CB-DDD1-4F25-B05A-844D91931CE9}.Release|Any CPU.Build.0 = Release|Any CPU
		{7A74896D-944D-43E0-AF4D-0636B3D5163B}.Debug|Any CPU.ActiveCfg = Debug|Any CPU
		{7A74896D-944D-43E0-AF4D-0636B3D5163B}.Debug|Any CPU.Build.0 = Debug|Any CPU
		{7A74896D-944D-43E0-AF4D-0636B3D5163B}.Release|Any CPU.ActiveCfg = Release|Any CPU
		{7A74896D-944D-43E0-AF4D-0636B3D5163B}.Release|Any CPU.Build.0 = Release|Any CPU
	EndGlobalSection
	GlobalSection(SolutionProperties) = preSolution
		HideSolutionNode = FALSE
	EndGlobalSection
	GlobalSection(ExtensibilityGlobals) = postSolution
		SolutionGuid = {78C6326D-50DB-4BFE-AA18-324553B8C53F}
	EndGlobalSection
EndGlobal
